
Microsoft Visual Studio Solution File, Format Version 12.00
# Visual Studio Version 17
VisualStudioVersion = 17.8.34330.188
MinimumVisualStudioVersion = 10.0.40219.1
Project("{FAE04EC0-301F-11D3-BF4B-00C04F79EFBC}") = "GayMaker-PS3", "GayMaker-PS3\GayMaker-PS3.csproj", "{A574F9F8-D3B2-4EF6-80DE-5D546C43B57D}"
EndProject
Global
	GlobalSection(SolutionConfigurationPlatforms) = preSolution
		Debug|Any CPU = Debug|Any CPU
		Debug|x64 = Debug|x64
		Debug|x86 = Debug|x86
		Release|Any CPU = Release|Any CPU
		Release|x64 = Release|x64
		Release|x86 = Release|x86
	EndGlobalSection
	GlobalSection(ProjectConfigurationPlatforms) = postSolution
		{A574F9F8-D3B2-4EF6-80DE-5D546C43B57D}.Debug|Any CPU.ActiveCfg = Debug|Any CPU
		{A574F9F8-D3B2-4EF6-80DE-5D546C43B57D}.Debug|Any CPU.Build.0 = Debug|Any CPU
		{A574F9F8-D3B2-4EF6-80DE-5D546C43B57D}.Debug|x64.ActiveCfg = Debug|Any CPU
		{A574F9F8-D3B2-4EF6-80DE-5D546C43B57D}.Debug|x64.Build.0 = Debug|Any CPU
		{A574F9F8-D3B2-4EF6-80DE-5D546C43B57D}.Debug|x86.ActiveCfg = Debug|Any CPU
		{A574F9F8-D3B2-4EF6-80DE-5D546C43B57D}.Debug|x86.Build.0 = Debug|Any CPU
		{A574F9F8-D3B2-4EF6-80DE-5D546C43B57D}.Release|Any CPU.ActiveCfg = Release|Any CPU
		{A574F9F8-D3B2-4EF6-80DE-5D546C43B57D}.Release|Any CPU.Build.0 = Release|Any CPU
		{A574F9F8-D3B2-4EF6-80DE-5D546C43B57D}.Release|x64.ActiveCfg = Release|Any CPU
		{A574F9F8-D3B2-4EF6-80DE-5D546C43B57D}.Release|x64.Build.0 = Release|Any CPU
		{A574F9F8-D3B2-4EF6-80DE-5D546C43B57D}.Release|x86.ActiveCfg = Release|Any CPU
		{A574F9F8-D3B2-4EF6-80DE-5D546C43B57D}.Release|x86.Build.0 = Release|Any CPU
	EndGlobalSection
	GlobalSection(SolutionProperties) = preSolution
		HideSolutionNode = FALSE
	EndGlobalSection
	GlobalSection(ExtensibilityGlobals) = postSolution
		SolutionGuid = {F5C9BDFB-D36B-4937-80EF-77A22E065856}
	EndGlobalSection
EndGlobal
